
Microsoft Visual Studio Solution File, Format Version 12.00
# Visual Studio Version 17
VisualStudioVersion = 17.7.34009.444
MinimumVisualStudioVersion = 10.0.40219.1
Project("{9A19103F-16F7-4668-BE54-9A1E7A4F7556}") = "MobilitywaysCodeTest", "MobilitywaysCodeTest\MobilitywaysCodeTest.csproj", "{7F8F2BA2-DB92-48A5-A60B-2C8FC7D8F301}"
EndProject
Project("{2150E333-8FDC-42A3-9474-1A3956D46DE8}") = "PostmanCollection", "PostmanCollection", "{3092F154-DF15-4B39-9D5A-51EF62C3168E}"
	ProjectSection(SolutionItems) = preProject
		..\..\..\Documents\MobilitywaysCodeTest.postman_collection.json = ..\..\..\Documents\MobilitywaysCodeTest.postman_collection.json
	EndProjectSection
EndProject
Global
	GlobalSection(SolutionConfigurationPlatforms) = preSolution
		Debug|Any CPU = Debug|Any CPU
		Release|Any CPU = Release|Any CPU
	EndGlobalSection
	GlobalSection(ProjectConfigurationPlatforms) = postSolution
		{7F8F2BA2-DB92-48A5-A60B-2C8FC7D8F301}.Debug|Any CPU.ActiveCfg = Debug|Any CPU
		{7F8F2BA2-DB92-48A5-A60B-2C8FC7D8F301}.Debug|Any CPU.Build.0 = Debug|Any CPU
		{7F8F2BA2-DB92-48A5-A60B-2C8FC7D8F301}.Release|Any CPU.ActiveCfg = Release|Any CPU
		{7F8F2BA2-DB92-48A5-A60B-2C8FC7D8F301}.Release|Any CPU.Build.0 = Release|Any CPU
	EndGlobalSection
	GlobalSection(SolutionProperties) = preSolution
		HideSolutionNode = FALSE
	EndGlobalSection
	GlobalSection(ExtensibilityGlobals) = postSolution
		SolutionGuid = {595A595C-9320-4DFD-907E-FDFEC9653DC9}
	EndGlobalSection
EndGlobal
